
Microsoft Visual Studio Solution File, Format Version 12.00
# Visual Studio 14
VisualStudioVersion = 14.0.25420.1
MinimumVisualStudioVersion = 10.0.40219.1
Project("{FAE04EC0-301F-11D3-BF4B-00C04F79EFBC}") = "TEditor.iOS", "iOS\TEditor.iOS.csproj", "{CC840A90-9DB6-4B07-B9DC-D12D2CCE506D}"
EndProject
Project("{FAE04EC0-301F-11D3-BF4B-00C04F79EFBC}") = "TEditor.Droid", "Droid\TEditor.Droid.csproj", "{E24263C8-85D4-4DFF-9322-0A763937026E}"
EndProject
Project("{2150E333-8FDC-42A3-9474-1A3956D46DE8}") = "ColorPickers", "ColorPickers", "{24612361-30B8-4CF0-9B9B-94846259E970}"
EndProject
Project("{D954291E-2A0B-460D-934E-DC6B0785DB48}") = "PopColorPicker.iOS.Shared", "PopColorPicker.iOS.Shared\PopColorPicker.iOS.Shared.shproj", "{CA191C88-3C87-4659-83B3-250C7C5EC9B6}"
EndProject
Project("{FAE04EC0-301F-11D3-BF4B-00C04F79EFBC}") = "TEditor.Abstractions", "TEditor.Abstractions\TEditor.Abstractions.csproj", "{A3FF38D4-3875-422C-B6BA-6720DA5E54BE}"
EndProject
Project("{FAE04EC0-301F-11D3-BF4B-00C04F79EFBC}") = "TEditor", "TEditor\TEditor.csproj", "{35D75E0C-AB1E-41E5-BB75-3344F3DDF01F}"
EndProject
Project("{FAE04EC0-301F-11D3-BF4B-00C04F79EFBC}") = "TEditor.Forms.Sample", "Sample\TEditor.Forms.Sample\TEditor.Forms.Sample.csproj", "{2F01342A-33CA-4E29-AE4D-F6A13226327F}"
EndProject
Project("{FAE04EC0-301F-11D3-BF4B-00C04F79EFBC}") = "TEditor.Forms.Sample.iOS", "Sample\iOS\TEditor.Forms.Sample.iOS.csproj", "{9CADF5CD-46C1-4BC9-9E9C-C96CD70A0E07}"
EndProject
Project("{FAE04EC0-301F-11D3-BF4B-00C04F79EFBC}") = "TEditor.Forms.Sample.Droid", "Sample\Droid\TEditor.Forms.Sample.Droid.csproj", "{5C03C1D1-8F62-47C2-88AC-CE7941A0C412}"
EndProject
Global
	GlobalSection(SharedMSBuildProjectFiles) = preSolution
		PopColorPicker.iOS.Shared\PopColorPicker.iOS.Shared.projitems*{ca191c88-3c87-4659-83b3-250c7c5ec9b6}*SharedItemsImports = 13
		PopColorPicker.iOS.Shared\PopColorPicker.iOS.Shared.projitems*{cc840a90-9db6-4b07-b9dc-d12d2cce506d}*SharedItemsImports = 4
	EndGlobalSection
	GlobalSection(SolutionConfigurationPlatforms) = preSolution
		Debug|Any CPU = Debug|Any CPU
		Debug|iPhone = Debug|iPhone
		Debug|iPhoneSimulator = Debug|iPhoneSimulator
		Debug|NugetBuild = Debug|NugetBuild
		Release|Any CPU = Release|Any CPU
		Release|iPhone = Release|iPhone
		Release|iPhoneSimulator = Release|iPhoneSimulator
		Release|NugetBuild = Release|NugetBuild
	EndGlobalSection
	GlobalSection(ProjectConfigurationPlatforms) = postSolution
		{CC840A90-9DB6-4B07-B9DC-D12D2CCE506D}.Debug|Any CPU.ActiveCfg = Debug|iPhoneSimulator
		{CC840A90-9DB6-4B07-B9DC-D12D2CCE506D}.Debug|Any CPU.Build.0 = Debug|iPhoneSimulator
		{CC840A90-9DB6-4B07-B9DC-D12D2CCE506D}.Debug|iPhone.ActiveCfg = Debug|iPhone
		{CC840A90-9DB6-4B07-B9DC-D12D2CCE506D}.Debug|iPhone.Build.0 = Debug|iPhone
		{CC840A90-9DB6-4B07-B9DC-D12D2CCE506D}.Debug|iPhoneSimulator.ActiveCfg = Debug|iPhoneSimulator
		{CC840A90-9DB6-4B07-B9DC-D12D2CCE506D}.Debug|iPhoneSimulator.Build.0 = Debug|iPhoneSimulator
		{CC840A90-9DB6-4B07-B9DC-D12D2CCE506D}.Debug|NugetBuild.ActiveCfg = Debug|iPhoneSimulator
		{CC840A90-9DB6-4B07-B9DC-D12D2CCE506D}.Debug|NugetBuild.Build.0 = Debug|iPhoneSimulator
		{CC840A90-9DB6-4B07-B9DC-D12D2CCE506D}.Release|Any CPU.ActiveCfg = Release|iPhone
		{CC840A90-9DB6-4B07-B9DC-D12D2CCE506D}.Release|Any CPU.Build.0 = Release|iPhone
		{CC840A90-9DB6-4B07-B9DC-D12D2CCE506D}.Release|iPhone.ActiveCfg = Release|iPhone
		{CC840A90-9DB6-4B07-B9DC-D12D2CCE506D}.Release|iPhone.Build.0 = Release|iPhone
		{CC840A90-9DB6-4B07-B9DC-D12D2CCE506D}.Release|iPhoneSimulator.ActiveCfg = Release|iPhoneSimulator
		{CC840A90-9DB6-4B07-B9DC-D12D2CCE506D}.Release|iPhoneSimulator.Build.0 = Release|iPhoneSimulator
		{CC840A90-9DB6-4B07-B9DC-D12D2CCE506D}.Release|NugetBuild.ActiveCfg = Release|Any CPU
		{CC840A90-9DB6-4B07-B9DC-D12D2CCE506D}.Release|NugetBuild.Build.0 = Release|Any CPU
		{E24263C8-85D4-4DFF-9322-0A763937026E}.Debug|Any CPU.ActiveCfg = Debug|Any CPU
		{E24263C8-85D4-4DFF-9322-0A763937026E}.Debug|Any CPU.Build.0 = Debug|Any CPU
		{E24263C8-85D4-4DFF-9322-0A763937026E}.Debug|iPhone.ActiveCfg = Debug|Any CPU
		{E24263C8-85D4-4DFF-9322-0A763937026E}.Debug|iPhone.Build.0 = Debug|Any CPU
		{E24263C8-85D4-4DFF-9322-0A763937026E}.Debug|iPhoneSimulator.ActiveCfg = Debug|Any CPU
		{E24263C8-85D4-4DFF-9322-0A763937026E}.Debug|iPhoneSimulator.Build.0 = Debug|Any CPU
		{E24263C8-85D4-4DFF-9322-0A763937026E}.Debug|NugetBuild.ActiveCfg = Debug|Any CPU
		{E24263C8-85D4-4DFF-9322-0A763937026E}.Debug|NugetBuild.Build.0 = Debug|Any CPU
		{E24263C8-85D4-4DFF-9322-0A763937026E}.Release|Any CPU.ActiveCfg = Release|Any CPU
		{E24263C8-85D4-4DFF-9322-0A763937026E}.Release|Any CPU.Build.0 = Release|Any CPU
		{E24263C8-85D4-4DFF-9322-0A763937026E}.Release|iPhone.ActiveCfg = Release|Any CPU
		{E24263C8-85D4-4DFF-9322-0A763937026E}.Release|iPhone.Build.0 = Release|Any CPU
		{E24263C8-85D4-4DFF-9322-0A763937026E}.Release|iPhoneSimulator.ActiveCfg = Release|Any CPU
		{E24263C8-85D4-4DFF-9322-0A763937026E}.Release|iPhoneSimulator.Build.0 = Release|Any CPU
		{E24263C8-85D4-4DFF-9322-0A763937026E}.Release|NugetBuild.ActiveCfg = Release|Any CPU
		{E24263C8-85D4-4DFF-9322-0A763937026E}.Release|NugetBuild.Build.0 = Release|Any CPU
		{A3FF38D4-3875-422C-B6BA-6720DA5E54BE}.Debug|Any CPU.ActiveCfg = Debug|Any CPU
		{A3FF38D4-3875-422C-B6BA-6720DA5E54BE}.Debug|Any CPU.Build.0 = Debug|Any CPU
		{A3FF38D4-3875-422C-B6BA-6720DA5E54BE}.Debug|iPhone.ActiveCfg = Debug|Any CPU
		{A3FF38D4-3875-422C-B6BA-6720DA5E54BE}.Debug|iPhone.Build.0 = Debug|Any CPU
		{A3FF38D4-3875-422C-B6BA-6720DA5E54BE}.Debug|iPhoneSimulator.ActiveCfg = Debug|Any CPU
		{A3FF38D4-3875-422C-B6BA-6720DA5E54BE}.Debug|iPhoneSimulator.Build.0 = Debug|Any CPU
		{A3FF38D4-3875-422C-B6BA-6720DA5E54BE}.Debug|NugetBuild.ActiveCfg = Debug|Any CPU
		{A3FF38D4-3875-422C-B6BA-6720DA5E54BE}.Debug|NugetBuild.Build.0 = Debug|Any CPU
		{A3FF38D4-3875-422C-B6BA-6720DA5E54BE}.Release|Any CPU.ActiveCfg = Release|Any CPU
		{A3FF38D4-3875-422C-B6BA-6720DA5E54BE}.Release|Any CPU.Build.0 = Release|Any CPU
		{A3FF38D4-3875-422C-B6BA-6720DA5E54BE}.Release|iPhone.ActiveCfg = Release|Any CPU
		{A3FF38D4-3875-422C-B6BA-6720DA5E54BE}.Release|iPhone.Build.0 = Release|Any CPU
		{A3FF38D4-3875-422C-B6BA-6720DA5E54BE}.Release|iPhoneSimulator.ActiveCfg = Release|Any CPU
		{A3FF38D4-3875-422C-B6BA-6720DA5E54BE}.Release|iPhoneSimulator.Build.0 = Release|Any CPU
		{A3FF38D4-3875-422C-B6BA-6720DA5E54BE}.Release|NugetBuild.ActiveCfg = Release|Any CPU
		{A3FF38D4-3875-422C-B6BA-6720DA5E54BE}.Release|NugetBuild.Build.0 = Release|Any CPU
		{35D75E0C-AB1E-41E5-BB75-3344F3DDF01F}.Debug|Any CPU.ActiveCfg = Debug|Any CPU
		{35D75E0C-AB1E-41E5-BB75-3344F3DDF01F}.Debug|Any CPU.Build.0 = Debug|Any CPU
		{35D75E0C-AB1E-41E5-BB75-3344F3DDF01F}.Debug|iPhone.ActiveCfg = Debug|Any CPU
		{35D75E0C-AB1E-41E5-BB75-3344F3DDF01F}.Debug|iPhone.Build.0 = Debug|Any CPU
		{35D75E0C-AB1E-41E5-BB75-3344F3DDF01F}.Debug|iPhoneSimulator.ActiveCfg = Debug|Any CPU
		{35D75E0C-AB1E-41E5-BB75-3344F3DDF01F}.Debug|iPhoneSimulator.Build.0 = Debug|Any CPU
		{35D75E0C-AB1E-41E5-BB75-3344F3DDF01F}.Debug|NugetBuild.ActiveCfg = Debug|Any CPU
		{35D75E0C-AB1E-41E5-BB75-3344F3DDF01F}.Debug|NugetBuild.Build.0 = Debug|Any CPU
		{35D75E0C-AB1E-41E5-BB75-3344F3DDF01F}.Release|Any CPU.ActiveCfg = Release|Any CPU
		{35D75E0C-AB1E-41E5-BB75-3344F3DDF01F}.Release|Any CPU.Build.0 = Release|Any CPU
		{35D75E0C-AB1E-41E5-BB75-3344F3DDF01F}.Release|iPhone.ActiveCfg = Release|Any CPU
		{35D75E0C-AB1E-41E5-BB75-3344F3DDF01F}.Release|iPhone.Build.0 = Release|Any CPU
		{35D75E0C-AB1E-41E5-BB75-3344F3DDF01F}.Release|iPhoneSimulator.ActiveCfg = Release|Any CPU
		{35D75E0C-AB1E-41E5-BB75-3344F3DDF01F}.Release|iPhoneSimulator.Build.0 = Release|Any CPU
		{35D75E0C-AB1E-41E5-BB75-3344F3DDF01F}.Release|NugetBuild.ActiveCfg = Release|Any CPU
		{35D75E0C-AB1E-41E5-BB75-3344F3DDF01F}.Release|NugetBuild.Build.0 = Release|Any CPU
		{2F01342A-33CA-4E29-AE4D-F6A13226327F}.Debug|Any CPU.ActiveCfg = Debug|Any CPU
		{2F01342A-33CA-4E29-AE4D-F6A13226327F}.Debug|Any CPU.Build.0 = Debug|Any CPU
		{2F01342A-33CA-4E29-AE4D-F6A13226327F}.Debug|iPhone.ActiveCfg = Debug|Any CPU
		{2F01342A-33CA-4E29-AE4D-F6A13226327F}.Debug|iPhone.Build.0 = Debug|Any CPU
		{2F01342A-33CA-4E29-AE4D-F6A13226327F}.Debug|iPhoneSimulator.ActiveCfg = Debug|Any CPU
		{2F01342A-33CA-4E29-AE4D-F6A13226327F}.Debug|iPhoneSimulator.Build.0 = Debug|Any CPU
		{2F01342A-33CA-4E29-AE4D-F6A13226327F}.Debug|NugetBuild.ActiveCfg = Debug|Any CPU
		{2F01342A-33CA-4E29-AE4D-F6A13226327F}.Debug|NugetBuild.Build.0 = Debug|Any CPU
		{2F01342A-33CA-4E29-AE4D-F6A13226327F}.Release|Any CPU.ActiveCfg = Release|Any CPU
		{2F01342A-33CA-4E29-AE4D-F6A13226327F}.Release|Any CPU.Build.0 = Release|Any CPU
		{2F01342A-33CA-4E29-AE4D-F6A13226327F}.Release|iPhone.ActiveCfg = Release|Any CPU
		{2F01342A-33CA-4E29-AE4D-F6A13226327F}.Release|iPhone.Build.0 = Release|Any CPU
		{2F01342A-33CA-4E29-AE4D-F6A13226327F}.Release|iPhoneSimulator.ActiveCfg = Release|Any CPU
		{2F01342A-33CA-4E29-AE4D-F6A13226327F}.Release|iPhoneSimulator.Build.0 = Release|Any CPU
		{2F01342A-33CA-4E29-AE4D-F6A13226327F}.Release|NugetBuild.ActiveCfg = Release|Any CPU
		{2F01342A-33CA-4E29-AE4D-F6A13226327F}.Release|NugetBuild.Build.0 = Release|Any CPU
		{9CADF5CD-46C1-4BC9-9E9C-C96CD70A0E07}.Debug|Any CPU.ActiveCfg = Debug|iPhoneSimulator
		{9CADF5CD-46C1-4BC9-9E9C-C96CD70A0E07}.Debug|Any CPU.Build.0 = Debug|iPhoneSimulator
		{9CADF5CD-46C1-4BC9-9E9C-C96CD70A0E07}.Debug|iPhone.ActiveCfg = Debug|iPhone
		{9CADF5CD-46C1-4BC9-9E9C-C96CD70A0E07}.Debug|iPhone.Build.0 = Debug|iPhone
		{9CADF5CD-46C1-4BC9-9E9C-C96CD70A0E07}.Debug|iPhoneSimulator.ActiveCfg = Debug|iPhoneSimulator
		{9CADF5CD-46C1-4BC9-9E9C-C96CD70A0E07}.Debug|iPhoneSimulator.Build.0 = Debug|iPhoneSimulator
		{9CADF5CD-46C1-4BC9-9E9C-C96CD70A0E07}.Debug|NugetBuild.ActiveCfg = Debug|iPhoneSimulator
		{9CADF5CD-46C1-4BC9-9E9C-C96CD70A0E07}.Debug|NugetBuild.Build.0 = Debug|iPhoneSimulator
		{9CADF5CD-46C1-4BC9-9E9C-C96CD70A0E07}.Release|Any CPU.ActiveCfg = Release|iPhone
		{9CADF5CD-46C1-4BC9-9E9C-C96CD70A0E07}.Release|Any CPU.Build.0 = Release|iPhone
		{9CADF5CD-46C1-4BC9-9E9C-C96CD70A0E07}.Release|iPhone.ActiveCfg = Release|iPhone
		{9CADF5CD-46C1-4BC9-9E9C-C96CD70A0E07}.Release|iPhone.Build.0 = Release|iPhone
		{9CADF5CD-46C1-4BC9-9E9C-C96CD70A0E07}.Release|iPhoneSimulator.ActiveCfg = Release|iPhoneSimulator
		{9CADF5CD-46C1-4BC9-9E9C-C96CD70A0E07}.Release|iPhoneSimulator.Build.0 = Release|iPhoneSimulator
		{9CADF5CD-46C1-4BC9-9E9C-C96CD70A0E07}.Release|NugetBuild.ActiveCfg = Release|iPhone
		{9CADF5CD-46C1-4BC9-9E9C-C96CD70A0E07}.Release|NugetBuild.Build.0 = Release|iPhone
		{5C03C1D1-8F62-47C2-88AC-CE7941A0C412}.Debug|Any CPU.ActiveCfg = Debug|Any CPU
		{5C03C1D1-8F62-47C2-88AC-CE7941A0C412}.Debug|Any CPU.Build.0 = Debug|Any CPU
		{5C03C1D1-8F62-47C2-88AC-CE7941A0C412}.Debug|iPhone.ActiveCfg = Debug|Any CPU
		{5C03C1D1-8F62-47C2-88AC-CE7941A0C412}.Debug|iPhone.Build.0 = Debug|Any CPU
		{5C03C1D1-8F62-47C2-88AC-CE7941A0C412}.Debug|iPhoneSimulator.ActiveCfg = Debug|Any CPU
		{5C03C1D1-8F62-47C2-88AC-CE7941A0C412}.Debug|iPhoneSimulator.Build.0 = Debug|Any CPU
		{5C03C1D1-8F62-47C2-88AC-CE7941A0C412}.Debug|NugetBuild.ActiveCfg = Debug|Any CPU
		{5C03C1D1-8F62-47C2-88AC-CE7941A0C412}.Debug|NugetBuild.Build.0 = Debug|Any CPU
		{5C03C1D1-8F62-47C2-88AC-CE7941A0C412}.Release|Any CPU.ActiveCfg = Release|Any CPU
		{5C03C1D1-8F62-47C2-88AC-CE7941A0C412}.Release|Any CPU.Build.0 = Release|Any CPU
		{5C03C1D1-8F62-47C2-88AC-CE7941A0C412}.Release|iPhone.ActiveCfg = Release|Any CPU
		{5C03C1D1-8F62-47C2-88AC-CE7941A0C412}.Release|iPhone.Build.0 = Release|Any CPU
		{5C03C1D1-8F62-47C2-88AC-CE7941A0C412}.Release|iPhoneSimulator.ActiveCfg = Release|Any CPU
		{5C03C1D1-8F62-47C2-88AC-CE7941A0C412}.Release|iPhoneSimulator.Build.0 = Release|Any CPU
		{5C03C1D1-8F62-47C2-88AC-CE7941A0C412}.Release|NugetBuild.ActiveCfg = Release|Any CPU
		{5C03C1D1-8F62-47C2-88AC-CE7941A0C412}.Release|NugetBuild.Build.0 = Release|Any CPU
	EndGlobalSection
	GlobalSection(SolutionProperties) = preSolution
		HideSolutionNode = FALSE
	EndGlobalSection
	GlobalSection(NestedProjects) = preSolution
		{CA191C88-3C87-4659-83B3-250C7C5EC9B6} = {24612361-30B8-4CF0-9B9B-94846259E970}
	EndGlobalSection
EndGlobal
